// !$*UTF8*$!
{
	archiveVersion = 1;
	classes = {
	};
	objectVersion = 51;
	objects = {

/* Begin PBXBuildFile section */
		B9300ECA8E1F9A74555E8144 /* Pods_Demo.framework in Frameworks */ = {isa = PBXBuildFile; fileRef = 11BFDFC9971DCAD04F71CD6D /* Pods_Demo.framework */; };
		FF20C0C1233B5306002E796C /* AppDelegate.swift in Sources */ = {isa = PBXBuildFile; fileRef = FF20C0C0233B5306002E796C /* AppDelegate.swift */; };
		FF20C0C3233B5306002E796C /* ViewController.swift in Sources */ = {isa = PBXBuildFile; fileRef = FF20C0C2233B5306002E796C /* ViewController.swift */; };
		FF20C0C6233B5306002E796C /* Main.storyboard in Resources */ = {isa = PBXBuildFile; fileRef = FF20C0C4233B5306002E796C /* Main.storyboard */; };
		FF20C0C8233B5307002E796C /* Assets.xcassets in Resources */ = {isa = PBXBuildFile; fileRef = FF20C0C7233B5307002E796C /* Assets.xcassets */; };
		FF20C0CB233B5307002E796C /* LaunchScreen.storyboard in Resources */ = {isa = PBXBuildFile; fileRef = FF20C0C9233B5307002E796C /* LaunchScreen.storyboard */; };
		FF20C0D6233B5307002E796C /* DemoTests.swift in Sources */ = {isa = PBXBuildFile; fileRef = FF20C0D5233B5307002E796C /* DemoTests.swift */; };
		FF20C0F9233B6D3B002E796C /* AMMusicPlayerController.framework in Frameworks */ = {isa = PBXBuildFile; fileRef = FF20C0F8233B6D3B002E796C /* AMMusicPlayerController.framework */; };
		FF20C110233CCBC3002E796C /* AMMusicPlayerController.framework in Embed Frameworks */ = {isa = PBXBuildFile; fileRef = FF20C0F8233B6D3B002E796C /* AMMusicPlayerController.framework */; settings = {ATTRIBUTES = (CodeSignOnCopy, RemoveHeadersOnCopy, ); }; };
/* End PBXBuildFile section */

/* Begin PBXContainerItemProxy section */
		FF20C0D2233B5307002E796C /* PBXContainerItemProxy */ = {
			isa = PBXContainerItemProxy;
			containerPortal = FF20C0B5233B5306002E796C /* Project object */;
			proxyType = 1;
			remoteGlobalIDString = FF20C0BC233B5306002E796C;
			remoteInfo = Demo;
		};
/* End PBXContainerItemProxy section */

/* Begin PBXCopyFilesBuildPhase section */
		FF20C111233CCBC3002E796C /* Embed Frameworks */ = {
			isa = PBXCopyFilesBuildPhase;
			buildActionMask = 2147483647;
			dstPath = "";
			dstSubfolderSpec = 10;
			files = (
				FF20C110233CCBC3002E796C /* AMMusicPlayerController.framework in Embed Frameworks */,
			);
			name = "Embed Frameworks";
			runOnlyForDeploymentPostprocessing = 0;
		};
/* End PBXCopyFilesBuildPhase section */

/* Begin PBXFileReference section */
		11BFDFC9971DCAD04F71CD6D /* Pods_Demo.framework */ = {isa = PBXFileReference; explicitFileType = wrapper.framework; includeInIndex = 0; path = Pods_Demo.framework; sourceTree = BUILT_PRODUCTS_DIR; };
		9E6846AE544B7E107AE30E0E /* Pods-Demo.debug.xcconfig */ = {isa = PBXFileReference; includeInIndex = 1; lastKnownFileType = text.xcconfig; name = "Pods-Demo.debug.xcconfig"; path = "Target Support Files/Pods-Demo/Pods-Demo.debug.xcconfig"; sourceTree = "<group>"; };
		A7E397E8E6A2BE28D082FFBE /* Pods-Demo.release.xcconfig */ = {isa = PBXFileReference; includeInIndex = 1; lastKnownFileType = text.xcconfig; name = "Pods-Demo.release.xcconfig"; path = "Target Support Files/Pods-Demo/Pods-Demo.release.xcconfig"; sourceTree = "<group>"; };
		FF20C0BD233B5306002E796C /* Demo.app */ = {isa = PBXFileReference; explicitFileType = wrapper.application; includeInIndex = 0; path = Demo.app; sourceTree = BUILT_PRODUCTS_DIR; };
		FF20C0C0233B5306002E796C /* AppDelegate.swift */ = {isa = PBXFileReference; lastKnownFileType = sourcecode.swift; path = AppDelegate.swift; sourceTree = "<group>"; };
		FF20C0C2233B5306002E796C /* ViewController.swift */ = {isa = PBXFileReference; lastKnownFileType = sourcecode.swift; path = ViewController.swift; sourceTree = "<group>"; };
		FF20C0C5233B5306002E796C /* Base */ = {isa = PBXFileReference; lastKnownFileType = file.storyboard; name = Base; path = Base.lproj/Main.storyboard; sourceTree = "<group>"; };
		FF20C0C7233B5307002E796C /* Assets.xcassets */ = {isa = PBXFileReference; lastKnownFileType = folder.assetcatalog; path = Assets.xcassets; sourceTree = "<group>"; };
		FF20C0CA233B5307002E796C /* Base */ = {isa = PBXFileReference; lastKnownFileType = file.storyboard; name = Base; path = Base.lproj/LaunchScreen.storyboard; sourceTree = "<group>"; };
		FF20C0CC233B5307002E796C /* Info.plist */ = {isa = PBXFileReference; lastKnownFileType = text.plist.xml; path = Info.plist; sourceTree = "<group>"; };
		FF20C0D1233B5307002E796C /* DemoTests.xctest */ = {isa = PBXFileReference; explicitFileType = wrapper.cfbundle; includeInIndex = 0; path = DemoTests.xctest; sourceTree = BUILT_PRODUCTS_DIR; };
		FF20C0D5233B5307002E796C /* DemoTests.swift */ = {isa = PBXFileReference; lastKnownFileType = sourcecode.swift; path = DemoTests.swift; sourceTree = "<group>"; };
		FF20C0D7233B5307002E796C /* Info.plist */ = {isa = PBXFileReference; lastKnownFileType = text.plist.xml; path = Info.plist; sourceTree = "<group>"; };
		FF20C0F8233B6D3B002E796C /* AMMusicPlayerController.framework */ = {isa = PBXFileReference; explicitFileType = wrapper.framework; path = AMMusicPlayerController.framework; sourceTree = BUILT_PRODUCTS_DIR; };
/* End PBXFileReference section */

/* Begin PBXFrameworksBuildPhase section */
		FF20C0BA233B5306002E796C /* Frameworks */ = {
			isa = PBXFrameworksBuildPhase;
			buildActionMask = 2147483647;
			files = (
				FF20C0F9233B6D3B002E796C /* AMMusicPlayerController.framework in Frameworks */,
				B9300ECA8E1F9A74555E8144 /* Pods_Demo.framework in Frameworks */,
			);
			runOnlyForDeploymentPostprocessing = 0;
		};
		FF20C0CE233B5307002E796C /* Frameworks */ = {
			isa = PBXFrameworksBuildPhase;
			buildActionMask = 2147483647;
			files = (
			);
			runOnlyForDeploymentPostprocessing = 0;
		};
/* End PBXFrameworksBuildPhase section */

/* Begin PBXGroup section */
		4B8AC739BC5679D8FCAB73B3 /* Frameworks */ = {
			isa = PBXGroup;
			children = (
				FF20C0F8233B6D3B002E796C /* AMMusicPlayerController.framework */,
				11BFDFC9971DCAD04F71CD6D /* Pods_Demo.framework */,
			);
			name = Frameworks;
			sourceTree = "<group>";
		};
		AC57AE0BFE458B76BA15EF73 /* Pods */ = {
			isa = PBXGroup;
			children = (
				9E6846AE544B7E107AE30E0E /* Pods-Demo.debug.xcconfig */,
				A7E397E8E6A2BE28D082FFBE /* Pods-Demo.release.xcconfig */,
			);
			path = Pods;
			sourceTree = "<group>";
		};
		FF20C0B4233B5306002E796C = {
			isa = PBXGroup;
			children = (
				FF20C0BF233B5306002E796C /* Demo */,
				FF20C0D4233B5307002E796C /* DemoTests */,
				FF20C0BE233B5306002E796C /* Products */,
				AC57AE0BFE458B76BA15EF73 /* Pods */,
				4B8AC739BC5679D8FCAB73B3 /* Frameworks */,
			);
			sourceTree = "<group>";
		};
		FF20C0BE233B5306002E796C /* Products */ = {
			isa = PBXGroup;
			children = (
				FF20C0BD233B5306002E796C /* Demo.app */,
				FF20C0D1233B5307002E796C /* DemoTests.xctest */,
			);
			name = Products;
			sourceTree = "<group>";
		};
		FF20C0BF233B5306002E796C /* Demo */ = {
			isa = PBXGroup;
			children = (
				FF20C0C0233B5306002E796C /* AppDelegate.swift */,
				FF20C0C2233B5306002E796C /* ViewController.swift */,
				FF20C0C4233B5306002E796C /* Main.storyboard */,
				FF20C0C7233B5307002E796C /* Assets.xcassets */,
				FF20C0C9233B5307002E796C /* LaunchScreen.storyboard */,
				FF20C0CC233B5307002E796C /* Info.plist */,
			);
			path = Demo;
			sourceTree = "<group>";
		};
		FF20C0D4233B5307002E796C /* DemoTests */ = {
			isa = PBXGroup;
			children = (
				FF20C0D5233B5307002E796C /* DemoTests.swift */,
				FF20C0D7233B5307002E796C /* Info.plist */,
			);
			path = DemoTests;
			sourceTree = "<group>";
		};
/* End PBXGroup section */

/* Begin PBXNativeTarget section */
		FF20C0BC233B5306002E796C /* Demo */ = {
			isa = PBXNativeTarget;
			buildConfigurationList = FF20C0DA233B5307002E796C /* Build configuration list for PBXNativeTarget "Demo" */;
			buildPhases = (
				4FB3A2A48E471E03BC94B25C /* [CP] Check Pods Manifest.lock */,
				FF20C0B9233B5306002E796C /* Sources */,
				FF20C0BA233B5306002E796C /* Frameworks */,
				FF20C0BB233B5306002E796C /* Resources */,
				FF20C111233CCBC3002E796C /* Embed Frameworks */,
				FF20C112233CCC53002E796C /* Carthage */,
			);
			buildRules = (
			);
			dependencies = (
			);
			name = Demo;
			productName = Demo;
			productReference = FF20C0BD233B5306002E796C /* Demo.app */;
			productType = "com.apple.product-type.application";
		};
		FF20C0D0233B5307002E796C /* DemoTests */ = {
			isa = PBXNativeTarget;
			buildConfigurationList = FF20C0DD233B5307002E796C /* Build configuration list for PBXNativeTarget "DemoTests" */;
			buildPhases = (
				FF20C0CD233B5307002E796C /* Sources */,
				FF20C0CE233B5307002E796C /* Frameworks */,
				FF20C0CF233B5307002E796C /* Resources */,
			);
			buildRules = (
			);
			dependencies = (
				FF20C0D3233B5307002E796C /* PBXTargetDependency */,
			);
			name = DemoTests;
			productName = DemoTests;
			productReference = FF20C0D1233B5307002E796C /* DemoTests.xctest */;
			productType = "com.apple.product-type.bundle.unit-test";
		};
/* End PBXNativeTarget section */

/* Begin PBXProject section */
		FF20C0B5233B5306002E796C /* Project object */ = {
			isa = PBXProject;
			attributes = {
				LastSwiftUpdateCheck = 1020;
				LastUpgradeCheck = 1020;
				ORGANIZATIONNAME = "YOSHIMUTA YOHEI";
				TargetAttributes = {
					FF20C0BC233B5306002E796C = {
						CreatedOnToolsVersion = 10.2;
					};
					FF20C0D0233B5307002E796C = {
						CreatedOnToolsVersion = 10.2;
						TestTargetID = FF20C0BC233B5306002E796C;
					};
				};
			};
			buildConfigurationList = FF20C0B8233B5306002E796C /* Build configuration list for PBXProject "Demo" */;
			compatibilityVersion = "Xcode 9.3";
			developmentRegion = en;
			hasScannedForEncodings = 0;
			knownRegions = (
				en,
				Base,
			);
			mainGroup = FF20C0B4233B5306002E796C;
			productRefGroup = FF20C0BE233B5306002E796C /* Products */;
			projectDirPath = "";
			projectRoot = "";
			targets = (
				FF20C0BC233B5306002E796C /* Demo */,
				FF20C0D0233B5307002E796C /* DemoTests */,
			);
		};
/* End PBXProject section */

/* Begin PBXResourcesBuildPhase section */
		FF20C0BB233B5306002E796C /* Resources */ = {
			isa = PBXResourcesBuildPhase;
			buildActionMask = 2147483647;
			files = (
				FF20C0CB233B5307002E796C /* LaunchScreen.storyboard in Resources */,
				FF20C0C8233B5307002E796C /* Assets.xcassets in Resources */,
				FF20C0C6233B5306002E796C /* Main.storyboard in Resources */,
			);
			runOnlyForDeploymentPostprocessing = 0;
		};
		FF20C0CF233B5307002E796C /* Resources */ = {
			isa = PBXResourcesBuildPhase;
			buildActionMask = 2147483647;
			files = (
			);
			runOnlyForDeploymentPostprocessing = 0;
		};
/* End PBXResourcesBuildPhase section */

/* Begin PBXShellScriptBuildPhase section */
		4FB3A2A48E471E03BC94B25C /* [CP] Check Pods Manifest.lock */ = {
			isa = PBXShellScriptBuildPhase;
			buildActionMask = 2147483647;
			files = (
			);
			inputFileListPaths = (
			);
			inputPaths = (
				"${PODS_PODFILE_DIR_PATH}/Podfile.lock",
				"${PODS_ROOT}/Manifest.lock",
			);
			name = "[CP] Check Pods Manifest.lock";
			outputFileListPaths = (
			);
			outputPaths = (
				"$(DERIVED_FILE_DIR)/Pods-Demo-checkManifestLockResult.txt",
			);
			runOnlyForDeploymentPostprocessing = 0;
			shellPath = /bin/sh;
			shellScript = "diff \"${PODS_PODFILE_DIR_PATH}/Podfile.lock\" \"${PODS_ROOT}/Manifest.lock\" > /dev/null\nif [ $? != 0 ] ; then\n    # print error to STDERR\n    echo \"error: The sandbox is not in sync with the Podfile.lock. Run 'pod install' or update your CocoaPods installation.\" >&2\n    exit 1\nfi\n# This output is used by Xcode 'outputs' to avoid re-running this script phase.\necho \"SUCCESS\" > \"${SCRIPT_OUTPUT_FILE_0}\"\n";
			showEnvVarsInLog = 0;
		};
		FF20C112233CCC53002E796C /* Carthage */ = {
			isa = PBXShellScriptBuildPhase;
			buildActionMask = 2147483647;
			files = (
			);
			inputFileListPaths = (
				"$(SRCROOT)/input.xcfilelist",
			);
			inputPaths = (
			);
			name = Carthage;
			outputFileListPaths = (
				"$(SRCROOT)/../output.xcfilelist",
			);
			outputPaths = (
			);
			runOnlyForDeploymentPostprocessing = 0;
			shellPath = /bin/sh;
			shellScript = "/usr/local/bin/carthage copy-frameworks\n";
		};
/* End PBXShellScriptBuildPhase section */

/* Begin PBXSourcesBuildPhase section */
		FF20C0B9233B5306002E796C /* Sources */ = {
			isa = PBXSourcesBuildPhase;
			buildActionMask = 2147483647;
			files = (
				FF20C0C3233B5306002E796C /* ViewController.swift in Sources */,
				FF20C0C1233B5306002E796C /* AppDelegate.swift in Sources */,
			);
			runOnlyForDeploymentPostprocessing = 0;
		};
		FF20C0CD233B5307002E796C /* Sources */ = {
			isa = PBXSourcesBuildPhase;
			buildActionMask = 2147483647;
			files = (
				FF20C0D6233B5307002E796C /* DemoTests.swift in Sources */,
			);
			runOnlyForDeploymentPostprocessing = 0;
		};
/* End PBXSourcesBuildPhase section */

/* Begin PBXTargetDependency section */
		FF20C0D3233B5307002E796C /* PBXTargetDependency */ = {
			isa = PBXTargetDependency;
			target = FF20C0BC233B5306002E796C /* Demo */;
			targetProxy = FF20C0D2233B5307002E796C /* PBXContainerItemProxy */;
		};
/* End PBXTargetDependency section */

/* Begin PBXVariantGroup section */
		FF20C0C4233B5306002E796C /* Main.storyboard */ = {
			isa = PBXVariantGroup;
			children = (
				FF20C0C5233B5306002E796C /* Base */,
			);
			name = Main.storyboard;
			sourceTree = "<group>";
		};
		FF20C0C9233B5307002E796C /* LaunchScreen.storyboard */ = {
			isa = PBXVariantGroup;
			children = (
				FF20C0CA233B5307002E796C /* Base */,
			);
			name = LaunchScreen.storyboard;
			sourceTree = "<group>";
		};
/* End PBXVariantGroup section */

/* Begin XCBuildConfiguration section */
		FF20C0D8233B5307002E796C /* Debug */ = {
			isa = XCBuildConfiguration;
			buildSettings = {
				ALWAYS_SEARCH_USER_PATHS = NO;
				CLANG_ANALYZER_NONNULL = YES;
				CLANG_ANALYZER_NUMBER_OBJECT_CONVERSION = YES_AGGRESSIVE;
				CLANG_CXX_LANGUAGE_STANDARD = "gnu++14";
				CLANG_CXX_LIBRARY = "libc++";
				CLANG_ENABLE_MODULES = YES;
				CLANG_ENABLE_OBJC_ARC = YES;
				CLANG_ENABLE_OBJC_WEAK = YES;
				CLANG_WARN_BLOCK_CAPTURE_AUTORELEASING = YES;
				CLANG_WARN_BOOL_CONVERSION = YES;
				CLANG_WARN_COMMA = YES;
				CLANG_WARN_CONSTANT_CONVERSION = YES;
				CLANG_WARN_DEPRECATED_OBJC_IMPLEMENTATIONS = YES;
				CLANG_WARN_DIRECT_OBJC_ISA_USAGE = YES_ERROR;
				CLANG_WARN_DOCUMENTATION_COMMENTS = YES;
				CLANG_WARN_EMPTY_BODY = YES;
				CLANG_WARN_ENUM_CONVERSION = YES;
				CLANG_WARN_INFINITE_RECURSION = YES;
				CLANG_WARN_INT_CONVERSION = YES;
				CLANG_WARN_NON_LITERAL_NULL_CONVERSION = YES;
				CLANG_WARN_OBJC_IMPLICIT_RETAIN_SELF = YES;
				CLANG_WARN_OBJC_LITERAL_CONVERSION = YES;
				CLANG_WARN_OBJC_ROOT_CLASS = YES_ERROR;
				CLANG_WARN_RANGE_LOOP_ANALYSIS = YES;
				CLANG_WARN_STRICT_PROTOTYPES = YES;
				CLANG_WARN_SUSPICIOUS_MOVE = YES;
				CLANG_WARN_UNGUARDED_AVAILABILITY = YES_AGGRESSIVE;
				CLANG_WARN_UNREACHABLE_CODE = YES;
				CLANG_WARN__DUPLICATE_METHOD_MATCH = YES;
				CODE_SIGN_IDENTITY = "iPhone Developer";
				COPY_PHASE_STRIP = NO;
				DEBUG_INFORMATION_FORMAT = dwarf;
				ENABLE_STRICT_OBJC_MSGSEND = YES;
				ENABLE_TESTABILITY = YES;
				GCC_C_LANGUAGE_STANDARD = gnu11;
				GCC_DYNAMIC_NO_PIC = NO;
				GCC_NO_COMMON_BLOCKS = YES;
				GCC_OPTIMIZATION_LEVEL = 0;
				GCC_PREPROCESSOR_DEFINITIONS = (
					"DEBUG=1",
					"$(inherited)",
				);
				GCC_WARN_64_TO_32_BIT_CONVERSION = YES;
				GCC_WARN_ABOUT_RETURN_TYPE = YES_ERROR;
				GCC_WARN_UNDECLARED_SELECTOR = YES;
				GCC_WARN_UNINITIALIZED_AUTOS = YES_AGGRESSIVE;
				GCC_WARN_UNUSED_FUNCTION = YES;
				GCC_WARN_UNUSED_VARIABLE = YES;
				IPHONEOS_DEPLOYMENT_TARGET = 10.0;
				MTL_ENABLE_DEBUG_INFO = INCLUDE_SOURCE;
				MTL_FAST_MATH = YES;
				ONLY_ACTIVE_ARCH = YES;
				SDKROOT = iphoneos;
				SWIFT_ACTIVE_COMPILATION_CONDITIONS = DEBUG;
				SWIFT_OPTIMIZATION_LEVEL = "-Onone";
			};
			name = Debug;
		};
		FF20C0D9233B5307002E796C /* Release */ = {
			isa = XCBuildConfiguration;
			buildSettings = {
				ALWAYS_SEARCH_USER_PATHS = NO;
				CLANG_ANALYZER_NONNULL = YES;
				CLANG_ANALYZER_NUMBER_OBJECT_CONVERSION = YES_AGGRESSIVE;
				CLANG_CXX_LANGUAGE_STANDARD = "gnu++14";
				CLANG_CXX_LIBRARY = "libc++";
				CLANG_ENABLE_MODULES = YES;
				CLANG_ENABLE_OBJC_ARC = YES;
				CLANG_ENABLE_OBJC_WEAK = YES;
				CLANG_WARN_BLOCK_CAPTURE_AUTORELEASING = YES;
				CLANG_WARN_BOOL_CONVERSION = YES;
				CLANG_WARN_COMMA = YES;
				CLANG_WARN_CONSTANT_CONVERSION = YES;
				CLANG_WARN_DEPRECATED_OBJC_IMPLEMENTATIONS = YES;
				CLANG_WARN_DIRECT_OBJC_ISA_USAGE = YES_ERROR;
				CLANG_WARN_DOCUMENTATION_COMMENTS = YES;
				CLANG_WARN_EMPTY_BODY = YES;
				CLANG_WARN_ENUM_CONVERSION = YES;
				CLANG_WARN_INFINITE_RECURSION = YES;
				CLANG_WARN_INT_CONVERSION = YES;
				CLANG_WARN_NON_LITERAL_NULL_CONVERSION = YES;
				CLANG_WARN_OBJC_IMPLICIT_RETAIN_SELF = YES;
				CLANG_WARN_OBJC_LITERAL_CONVERSION = YES;
				CLANG_WARN_OBJC_ROOT_CLASS = YES_ERROR;
				CLANG_WARN_RANGE_LOOP_ANALYSIS = YES;
				CLANG_WARN_STRICT_PROTOTYPES = YES;
				CLANG_WARN_SUSPICIOUS_MOVE = YES;
				CLANG_WARN_UNGUARDED_AVAILABILITY = YES_AGGRESSIVE;
				CLANG_WARN_UNREACHABLE_CODE = YES;
				CLANG_WARN__DUPLICATE_METHOD_MATCH = YES;
				CODE_SIGN_IDENTITY = "iPhone Developer";
				COPY_PHASE_STRIP = NO;
				DEBUG_INFORMATION_FORMAT = "dwarf-with-dsym";
				ENABLE_NS_ASSERTIONS = NO;
				ENABLE_STRICT_OBJC_MSGSEND = YES;
				GCC_C_LANGUAGE_STANDARD = gnu11;
				GCC_NO_COMMON_BLOCKS = YES;
				GCC_WARN_64_TO_32_BIT_CONVERSION = YES;
				GCC_WARN_ABOUT_RETURN_TYPE = YES_ERROR;
				GCC_WARN_UNDECLARED_SELECTOR = YES;
				GCC_WARN_UNINITIALIZED_AUTOS = YES_AGGRESSIVE;
				GCC_WARN_UNUSED_FUNCTION = YES;
				GCC_WARN_UNUSED_VARIABLE = YES;
				IPHONEOS_DEPLOYMENT_TARGET = 10.0;
				MTL_ENABLE_DEBUG_INFO = NO;
				MTL_FAST_MATH = YES;
				SDKROOT = iphoneos;
				SWIFT_COMPILATION_MODE = wholemodule;
				SWIFT_OPTIMIZATION_LEVEL = "-O";
				VALIDATE_PRODUCT = YES;
			};
			name = Release;
		};
		FF20C0DB233B5307002E796C /* Debug */ = {
			isa = XCBuildConfiguration;
			baseConfigurationReference = 9E6846AE544B7E107AE30E0E /* Pods-Demo.debug.xcconfig */;
			buildSettings = {
				ASSETCATALOG_COMPILER_APPICON_NAME = AppIcon;
				CODE_SIGN_STYLE = Automatic;
				DEVELOPMENT_TEAM = NUGP6A3A8X;
				INFOPLIST_FILE = Demo/Info.plist;
				LD_RUNPATH_SEARCH_PATHS = (
					"$(inherited)",
					"@executable_path/Frameworks",
				);
				PRODUCT_BUNDLE_IDENTIFIER = com.github.yoheimuta.Demo;
				PRODUCT_NAME = "$(TARGET_NAME)";
				SWIFT_VERSION = 5.0;
				TARGETED_DEVICE_FAMILY = "1,2";
			};
			name = Debug;
		};
		FF20C0DC233B5307002E796C /* Release */ = {
			isa = XCBuildConfiguration;
			baseConfigurationReference = A7E397E8E6A2BE28D082FFBE /* Pods-Demo.release.xcconfig */;
			buildSettings = {
				ASSETCATALOG_COMPILER_APPICON_NAME = AppIcon;
				CODE_SIGN_STYLE = Automatic;
				DEVELOPMENT_TEAM = NUGP6A3A8X;
				INFOPLIST_FILE = Demo/Info.plist;
				LD_RUNPATH_SEARCH_PATHS = (
					"$(inherited)",
					"@executable_path/Frameworks",
				);
				PRODUCT_BUNDLE_IDENTIFIER = com.github.yoheimuta.Demo;
				PRODUCT_NAME = "$(TARGET_NAME)";
				SWIFT_VERSION = 5.0;
				TARGETED_DEVICE_FAMILY = "1,2";
			};
			name = Release;
		};
		FF20C0DE233B5307002E796C /* Debug */ = {
			isa = XCBuildConfiguration;
			buildSettings = {
				ALWAYS_EMBED_SWIFT_STANDARD_LIBRARIES = YES;
				BUNDLE_LOADER = "$(TEST_HOST)";
				CODE_SIGN_STYLE = Automatic;
				INFOPLIST_FILE = DemoTests/Info.plist;
				LD_RUNPATH_SEARCH_PATHS = (
					"$(inherited)",
					"@executable_path/Frameworks",
					"@loader_path/Frameworks",
				);
				PRODUCT_BUNDLE_IDENTIFIER = com.github.yoheimuta.DemoTests;
				PRODUCT_NAME = "$(TARGET_NAME)";
				SWIFT_VERSION = 5.0;
				TARGETED_DEVICE_FAMILY = "1,2";
				TEST_HOST = "$(BUILT_PRODUCTS_DIR)/Demo.app/Demo";
			};
			name = Debug;
		};
		FF20C0DF233B5307002E796C /* Release */ = {
			isa = XCBuildConfiguration;
			buildSettings = {
				ALWAYS_EMBED_SWIFT_STANDARD_LIBRARIES = YES;
				BUNDLE_LOADER = "$(TEST_HOST)";
				CODE_SIGN_STYLE = Automatic;
				INFOPLIST_FILE = DemoTests/Info.plist;
				LD_RUNPATH_SEARCH_PATHS = (
					"$(inherited)",
					"@executable_path/Frameworks",
					"@loader_path/Frameworks",
				);
				PRODUCT_BUNDLE_IDENTIFIER = com.github.yoheimuta.DemoTests;
				PRODUCT_NAME = "$(TARGET_NAME)";
				SWIFT_VERSION = 5.0;
				TARGETED_DEVICE_FAMILY = "1,2";
				TEST_HOST = "$(BUILT_PRODUCTS_DIR)/Demo.app/Demo";
			};
			name = Release;
		};
/* End XCBuildConfiguration section */

/* Begin XCConfigurationList section */
		FF20C0B8233B5306002E796C /* Build configuration list for PBXProject "Demo" */ = {
			isa = XCConfigurationList;
			buildConfigurations = (
				FF20C0D8233B5307002E796C /* Debug */,
				FF20C0D9233B5307002E796C /* Release */,
			);
			defaultConfigurationIsVisible = 0;
			defaultConfigurationName = Release;
		};
		FF20C0DA233B5307002E796C /* Build configuration list for PBXNativeTarget "Demo" */ = {
			isa = XCConfigurationList;
			buildConfigurations = (
				FF20C0DB233B5307002E796C /* Debug */,
				FF20C0DC233B5307002E796C /* Release */,
			);
			defaultConfigurationIsVisible = 0;
			defaultConfigurationName = Release;
		};
		FF20C0DD233B5307002E796C /* Build configuration list for PBXNativeTarget "DemoTests" */ = {
			isa = XCConfigurationList;
			buildConfigurations = (
				FF20C0DE233B5307002E796C /* Debug */,
				FF20C0DF233B5307002E796C /* Release */,
			);
			defaultConfigurationIsVisible = 0;
			defaultConfigurationName = Release;
		};
/* End XCConfigurationList section */
	};
	rootObject = FF20C0B5233B5306002E796C /* Project object */;
}
